
Microsoft Visual Studio Solution File, Format Version 12.00
# Visual Studio Version 17
VisualStudioVersion = 17.13.35931.197 d17.13
MinimumVisualStudioVersion = 10.0.40219.1
Project("{FAE04EC0-301F-11D3-BF4B-00C04F79EFBC}") = "NmtLesson02", "NmtLesson02.csproj", "{E7D1D9E9-393B-481A-AC85-823BF542E800}"
EndProject
Global
	GlobalSection(SolutionConfigurationPlatforms) = preSolution
		Debug|Any CPU = Debug|Any CPU
		Release|Any CPU = Release|Any CPU
	EndGlobalSection
	GlobalSection(ProjectConfigurationPlatforms) = postSolution
		{E7D1D9E9-393B-481A-AC85-823BF542E800}.Debug|Any CPU.ActiveCfg = Debug|Any CPU
		{E7D1D9E9-393B-481A-AC85-823BF542E800}.Debug|Any CPU.Build.0 = Debug|Any CPU
		{E7D1D9E9-393B-481A-AC85-823BF542E800}.Release|Any CPU.ActiveCfg = Release|Any CPU
		{E7D1D9E9-393B-481A-AC85-823BF542E800}.Release|Any CPU.Build.0 = Release|Any CPU
	EndGlobalSection
	GlobalSection(SolutionProperties) = preSolution
		HideSolutionNode = FALSE
	EndGlobalSection
	GlobalSection(ExtensibilityGlobals) = postSolution
		SolutionGuid = {61EF93CE-B47A-4E37-AD7D-FBAEF1125524}
	EndGlobalSection
EndGlobal
